
Microsoft Visual Studio Solution File, Format Version 12.00
# Visual Studio Version 16
VisualStudioVersion = 16.0.31911.196
MinimumVisualStudioVersion = 10.0.40219.1
Project("{FAE04EC0-301F-11D3-BF4B-00C04F79EFBC}") = "FormularioAplicativo", "FormularioAplicativo\FormularioAplicativo.csproj", "{23958837-A8C7-46AA-B3D1-5A352ACCD50B}"
EndProject
Global
	GlobalSection(SolutionConfigurationPlatforms) = preSolution
		Debug|Any CPU = Debug|Any CPU
		Release|Any CPU = Release|Any CPU
	EndGlobalSection
	GlobalSection(ProjectConfigurationPlatforms) = postSolution
		{23958837-A8C7-46AA-B3D1-5A352ACCD50B}.Debug|Any CPU.ActiveCfg = Debug|Any CPU
		{23958837-A8C7-46AA-B3D1-5A352ACCD50B}.Debug|Any CPU.Build.0 = Debug|Any CPU
		{23958837-A8C7-46AA-B3D1-5A352ACCD50B}.Release|Any CPU.ActiveCfg = Release|Any CPU
		{23958837-A8C7-46AA-B3D1-5A352ACCD50B}.Release|Any CPU.Build.0 = Release|Any CPU
	EndGlobalSection
	GlobalSection(SolutionProperties) = preSolution
		HideSolutionNode = FALSE
	EndGlobalSection
	GlobalSection(ExtensibilityGlobals) = postSolution
		SolutionGuid = {AABD59C8-89B9-45BC-BF84-35B6FCC8FE88}
	EndGlobalSection
EndGlobal
